// !$*UTF8*$!
{
	archiveVersion = 1;
	classes = {
	};
	objectVersion = 46;
	objects = {

/* Begin PBXBuildFile section */
		3264D31A544238B70A022C18 /* libPods.a in Frameworks */ = {isa = PBXBuildFile; fileRef = B58CB59DB67B35B3E3DD0BE9 /* libPods.a */; };
		A6E77EC31B98B2A50072CBA4 /* main.m in Sources */ = {isa = PBXBuildFile; fileRef = A6E77EC21B98B2A50072CBA4 /* main.m */; };
		A6E77EC61B98B2A50072CBA4 /* AppDelegate.m in Sources */ = {isa = PBXBuildFile; fileRef = A6E77EC51B98B2A50072CBA4 /* AppDelegate.m */; };
		A6E77EC91B98B2A50072CBA4 /* ViewController.m in Sources */ = {isa = PBXBuildFile; fileRef = A6E77EC81B98B2A50072CBA4 /* ViewController.m */; };
		A6E77ECC1B98B2A50072CBA4 /* Main.storyboard in Resources */ = {isa = PBXBuildFile; fileRef = A6E77ECA1B98B2A50072CBA4 /* Main.storyboard */; };
		A6E77ECE1B98B2A50072CBA4 /* Assets.xcassets in Resources */ = {isa = PBXBuildFile; fileRef = A6E77ECD1B98B2A50072CBA4 /* Assets.xcassets */; };
		A6E77ED11B98B2A50072CBA4 /* LaunchScreen.storyboard in Resources */ = {isa = PBXBuildFile; fileRef = A6E77ECF1B98B2A50072CBA4 /* LaunchScreen.storyboard */; };
		A6E77EDA1B98B6860072CBA4 /* Page1ViewController.m in Sources */ = {isa = PBXBuildFile; fileRef = A6E77ED91B98B6860072CBA4 /* Page1ViewController.m */; };
		A6E77EDD1B98B7630072CBA4 /* Page2ViewController.m in Sources */ = {isa = PBXBuildFile; fileRef = A6E77EDC1B98B7630072CBA4 /* Page2ViewController.m */; };
/* End PBXBuildFile section */

/* Begin PBXFileReference section */
		5EB2E38D80BFBA6EEFB0112D /* Pods.release.xcconfig */ = {isa = PBXFileReference; includeInIndex = 1; lastKnownFileType = text.xcconfig; name = Pods.release.xcconfig; path = "Pods/Target Support Files/Pods/Pods.release.xcconfig"; sourceTree = "<group>"; };
		A6E77EBE1B98B2A50072CBA4 /* ITRDeepLink.app */ = {isa = PBXFileReference; explicitFileType = wrapper.application; includeInIndex = 0; path = ITRDeepLink.app; sourceTree = BUILT_PRODUCTS_DIR; };
		A6E77EC21B98B2A50072CBA4 /* main.m */ = {isa = PBXFileReference; lastKnownFileType = sourcecode.c.objc; path = main.m; sourceTree = "<group>"; };
		A6E77EC41B98B2A50072CBA4 /* AppDelegate.h */ = {isa = PBXFileReference; lastKnownFileType = sourcecode.c.h; path = AppDelegate.h; sourceTree = "<group>"; };
		A6E77EC51B98B2A50072CBA4 /* AppDelegate.m */ = {isa = PBXFileReference; lastKnownFileType = sourcecode.c.objc; path = AppDelegate.m; sourceTree = "<group>"; };
		A6E77EC71B98B2A50072CBA4 /* ViewController.h */ = {isa = PBXFileReference; lastKnownFileType = sourcecode.c.h; path = ViewController.h; sourceTree = "<group>"; };
		A6E77EC81B98B2A50072CBA4 /* ViewController.m */ = {isa = PBXFileReference; lastKnownFileType = sourcecode.c.objc; path = ViewController.m; sourceTree = "<group>"; };
		A6E77ECB1B98B2A50072CBA4 /* Base */ = {isa = PBXFileReference; lastKnownFileType = file.storyboard; name = Base; path = Base.lproj/Main.storyboard; sourceTree = "<group>"; };
		A6E77ECD1B98B2A50072CBA4 /* Assets.xcassets */ = {isa = PBXFileReference; lastKnownFileType = folder.assetcatalog; path = Assets.xcassets; sourceTree = "<group>"; };
		A6E77ED01B98B2A50072CBA4 /* Base */ = {isa = PBXFileReference; lastKnownFileType = file.storyboard; name = Base; path = Base.lproj/LaunchScreen.storyboard; sourceTree = "<group>"; };
		A6E77ED21B98B2A50072CBA4 /* Info.plist */ = {isa = PBXFileReference; lastKnownFileType = text.plist.xml; path = Info.plist; sourceTree = "<group>"; };
		A6E77ED81B98B6860072CBA4 /* Page1ViewController.h */ = {isa = PBXFileReference; fileEncoding = 4; lastKnownFileType = sourcecode.c.h; path = Page1ViewController.h; sourceTree = "<group>"; };
		A6E77ED91B98B6860072CBA4 /* Page1ViewController.m */ = {isa = PBXFileReference; fileEncoding = 4; lastKnownFileType = sourcecode.c.objc; path = Page1ViewController.m; sourceTree = "<group>"; };
		A6E77EDB1B98B7630072CBA4 /* Page2ViewController.h */ = {isa = PBXFileReference; fileEncoding = 4; lastKnownFileType = sourcecode.c.h; path = Page2ViewController.h; sourceTree = "<group>"; };
		A6E77EDC1B98B7630072CBA4 /* Page2ViewController.m */ = {isa = PBXFileReference; fileEncoding = 4; lastKnownFileType = sourcecode.c.objc; path = Page2ViewController.m; sourceTree = "<group>"; };
		B58CB59DB67B35B3E3DD0BE9 /* libPods.a */ = {isa = PBXFileReference; explicitFileType = archive.ar; includeInIndex = 0; path = libPods.a; sourceTree = BUILT_PRODUCTS_DIR; };
		D7CA6628A3D5139917E469B8 /* Pods.debug.xcconfig */ = {isa = PBXFileReference; includeInIndex = 1; lastKnownFileType = text.xcconfig; name = Pods.debug.xcconfig; path = "Pods/Target Support Files/Pods/Pods.debug.xcconfig"; sourceTree = "<group>"; };
/* End PBXFileReference section */

/* Begin PBXFrameworksBuildPhase section */
		A6E77EBB1B98B2A50072CBA4 /* Frameworks */ = {
			isa = PBXFrameworksBuildPhase;
			buildActionMask = 2147483647;
			files = (
				3264D31A544238B70A022C18 /* libPods.a in Frameworks */,
			);
			runOnlyForDeploymentPostprocessing = 0;
		};
/* End PBXFrameworksBuildPhase section */

/* Begin PBXGroup section */
		3D131A23ECDAF1CDA6C737B5 /* Frameworks */ = {
			isa = PBXGroup;
			children = (
				B58CB59DB67B35B3E3DD0BE9 /* libPods.a */,
			);
			name = Frameworks;
			sourceTree = "<group>";
		};
		A6E77EB51B98B2A50072CBA4 = {
			isa = PBXGroup;
			children = (
				A6E77EC01B98B2A50072CBA4 /* ITRDeepLink */,
				A6E77EBF1B98B2A50072CBA4 /* Products */,
				FCED5F3D6E97566DFCC2422F /* Pods */,
				3D131A23ECDAF1CDA6C737B5 /* Frameworks */,
			);
			sourceTree = "<group>";
		};
		A6E77EBF1B98B2A50072CBA4 /* Products */ = {
			isa = PBXGroup;
			children = (
				A6E77EBE1B98B2A50072CBA4 /* ITRDeepLink.app */,
			);
			name = Products;
			sourceTree = "<group>";
		};
		A6E77EC01B98B2A50072CBA4 /* ITRDeepLink */ = {
			isa = PBXGroup;
			children = (
				A6E77EC41B98B2A50072CBA4 /* AppDelegate.h */,
				A6E77EC51B98B2A50072CBA4 /* AppDelegate.m */,
				A6E77EC71B98B2A50072CBA4 /* ViewController.h */,
				A6E77EC81B98B2A50072CBA4 /* ViewController.m */,
				A6E77ED81B98B6860072CBA4 /* Page1ViewController.h */,
				A6E77ED91B98B6860072CBA4 /* Page1ViewController.m */,
				A6E77EDB1B98B7630072CBA4 /* Page2ViewController.h */,
				A6E77EDC1B98B7630072CBA4 /* Page2ViewController.m */,
				A6E77ECA1B98B2A50072CBA4 /* Main.storyboard */,
				A6E77ECD1B98B2A50072CBA4 /* Assets.xcassets */,
				A6E77ECF1B98B2A50072CBA4 /* LaunchScreen.storyboard */,
				A6E77ED21B98B2A50072CBA4 /* Info.plist */,
				A6E77EC11B98B2A50072CBA4 /* Supporting Files */,
			);
			path = ITRDeepLink;
			sourceTree = "<group>";
		};
		A6E77EC11B98B2A50072CBA4 /* Supporting Files */ = {
			isa = PBXGroup;
			children = (
				A6E77EC21B98B2A50072CBA4 /* main.m */,
			);
			name = "Supporting Files";
			sourceTree = "<group>";
		};
		FCED5F3D6E97566DFCC2422F /* Pods */ = {
			isa = PBXGroup;
			children = (
				D7CA6628A3D5139917E469B8 /* Pods.debug.xcconfig */,
				5EB2E38D80BFBA6EEFB0112D /* Pods.release.xcconfig */,
			);
			name = Pods;
			sourceTree = "<group>";
		};
/* End PBXGroup section */

/* Begin PBXNativeTarget section */
		A6E77EBD1B98B2A50072CBA4 /* ITRDeepLink */ = {
			isa = PBXNativeTarget;
			buildConfigurationList = A6E77ED51B98B2A50072CBA4 /* Build configuration list for PBXNativeTarget "ITRDeepLink" */;
			buildPhases = (
				A5C00451E261C3E90BBD2FDA /* Check Pods Manifest.lock */,
				A6E77EBA1B98B2A50072CBA4 /* Sources */,
				A6E77EBB1B98B2A50072CBA4 /* Frameworks */,
				A6E77EBC1B98B2A50072CBA4 /* Resources */,
				4112CBB89E13C66CC0B8135B /* Copy Pods Resources */,
			);
			buildRules = (
			);
			dependencies = (
			);
			name = ITRDeepLink;
			productName = ITRDeepLink;
			productReference = A6E77EBE1B98B2A50072CBA4 /* ITRDeepLink.app */;
			productType = "com.apple.product-type.application";
		};
/* End PBXNativeTarget section */

/* Begin PBXProject section */
		A6E77EB61B98B2A50072CBA4 /* Project object */ = {
			isa = PBXProject;
			attributes = {
				LastUpgradeCheck = 0700;
				ORGANIZATIONNAME = ITechRoof;
				TargetAttributes = {
					A6E77EBD1B98B2A50072CBA4 = {
						CreatedOnToolsVersion = 7.0;
						DevelopmentTeam = 5U487867ZU;
						SystemCapabilities = {
							com.apple.BackgroundModes = {
								enabled = 1;
							};
							com.apple.Push = {
								enabled = 1;
							};
						};
					};
				};
			};
			buildConfigurationList = A6E77EB91B98B2A50072CBA4 /* Build configuration list for PBXProject "ITRDeepLink" */;
			compatibilityVersion = "Xcode 3.2";
			developmentRegion = English;
			hasScannedForEncodings = 0;
			knownRegions = (
				en,
				Base,
			);
			mainGroup = A6E77EB51B98B2A50072CBA4;
			productRefGroup = A6E77EBF1B98B2A50072CBA4 /* Products */;
			projectDirPath = "";
			projectRoot = "";
			targets = (
				A6E77EBD1B98B2A50072CBA4 /* ITRDeepLink */,
			);
		};
/* End PBXProject section */

/* Begin PBXResourcesBuildPhase section */
		A6E77EBC1B98B2A50072CBA4 /* Resources */ = {
			isa = PBXResourcesBuildPhase;
			buildActionMask = 2147483647;
			files = (
				A6E77ED11B98B2A50072CBA4 /* LaunchScreen.storyboard in Resources */,
				A6E77ECE1B98B2A50072CBA4 /* Assets.xcassets in Resources */,
				A6E77ECC1B98B2A50072CBA4 /* Main.storyboard in Resources */,
			);
			runOnlyForDeploymentPostprocessing = 0;
		};
/* End PBXResourcesBuildPhase section */

/* Begin PBXShellScriptBuildPhase section */
		4112CBB89E13C66CC0B8135B /* Copy Pods Resources */ = {
			isa = PBXShellScriptBuildPhase;
			buildActionMask = 2147483647;
			files = (
			);
			inputPaths = (
			);
			name = "Copy Pods Resources";
			outputPaths = (
			);
			runOnlyForDeploymentPostprocessing = 0;
			shellPath = /bin/sh;
			shellScript = "\"${SRCROOT}/Pods/Target Support Files/Pods/Pods-resources.sh\"\n";
			showEnvVarsInLog = 0;
		};
		A5C00451E261C3E90BBD2FDA /* Check Pods Manifest.lock */ = {
			isa = PBXShellScriptBuildPhase;
			buildActionMask = 2147483647;
			files = (
			);
			inputPaths = (
			);
			name = "Check Pods Manifest.lock";
			outputPaths = (
			);
			runOnlyForDeploymentPostprocessing = 0;
			shellPath = /bin/sh;
			shellScript = "diff \"${PODS_ROOT}/../Podfile.lock\" \"${PODS_ROOT}/Manifest.lock\" > /dev/null\nif [[ $? != 0 ]] ; then\n    cat << EOM\nerror: The sandbox is not in sync with the Podfile.lock. Run 'pod install' or update your CocoaPods installation.\nEOM\n    exit 1\nfi\n";
			showEnvVarsInLog = 0;
		};
/* End PBXShellScriptBuildPhase section */

/* Begin PBXSourcesBuildPhase section */
		A6E77EBA1B98B2A50072CBA4 /* Sources */ = {
			isa = PBXSourcesBuildPhase;
			buildActionMask = 2147483647;
			files = (
				A6E77EC91B98B2A50072CBA4 /* ViewController.m in Sources */,
				A6E77EDA1B98B6860072CBA4 /* Page1ViewController.m in Sources */,
				A6E77EC61B98B2A50072CBA4 /* AppDelegate.m in Sources */,
				A6E77EC31B98B2A50072CBA4 /* main.m in Sources */,
				A6E77EDD1B98B7630072CBA4 /* Page2ViewController.m in Sources */,
			);
			runOnlyForDeploymentPostprocessing = 0;
		};
/* End PBXSourcesBuildPhase section */

/* Begin PBXVariantGroup section */
		A6E77ECA1B98B2A50072CBA4 /* Main.storyboard */ = {
			isa = PBXVariantGroup;
			children = (
				A6E77ECB1B98B2A50072CBA4 /* Base */,
			);
			name = Main.storyboard;
			sourceTree = "<group>";
		};
		A6E77ECF1B98B2A50072CBA4 /* LaunchScreen.storyboard */ = {
			isa = PBXVariantGroup;
			children = (
				A6E77ED01B98B2A50072CBA4 /* Base */,
			);
			name = LaunchScreen.storyboard;
			sourceTree = "<group>";
		};
/* End PBXVariantGroup section */

/* Begin XCBuildConfiguration section */
		A6E77ED31B98B2A50072CBA4 /* Debug */ = {
			isa = XCBuildConfiguration;
			buildSettings = {
				ALWAYS_SEARCH_USER_PATHS = NO;
				CLANG_CXX_LANGUAGE_STANDARD = "gnu++0x";
				CLANG_CXX_LIBRARY = "libc++";
				CLANG_ENABLE_MODULES = YES;
				CLANG_ENABLE_OBJC_ARC = YES;
				CLANG_WARN_BOOL_CONVERSION = YES;
				CLANG_WARN_CONSTANT_CONVERSION = YES;
				CLANG_WARN_DIRECT_OBJC_ISA_USAGE = YES_ERROR;
				CLANG_WARN_EMPTY_BODY = YES;
				CLANG_WARN_ENUM_CONVERSION = YES;
				CLANG_WARN_INT_CONVERSION = YES;
				CLANG_WARN_OBJC_ROOT_CLASS = YES_ERROR;
				CLANG_WARN_UNREACHABLE_CODE = YES;
				CLANG_WARN__DUPLICATE_METHOD_MATCH = YES;
				"CODE_SIGN_IDENTITY[sdk=iphoneos*]" = "iPhone Developer";
				COPY_PHASE_STRIP = NO;
				DEBUG_INFORMATION_FORMAT = dwarf;
				ENABLE_STRICT_OBJC_MSGSEND = YES;
				ENABLE_TESTABILITY = YES;
				GCC_C_LANGUAGE_STANDARD = gnu99;
				GCC_DYNAMIC_NO_PIC = NO;
				GCC_NO_COMMON_BLOCKS = YES;
				GCC_OPTIMIZATION_LEVEL = 0;
				GCC_PREPROCESSOR_DEFINITIONS = (
					"DEBUG=1",
					"$(inherited)",
				);
				GCC_WARN_64_TO_32_BIT_CONVERSION = YES;
				GCC_WARN_ABOUT_RETURN_TYPE = YES_ERROR;
				GCC_WARN_UNDECLARED_SELECTOR = YES;
				GCC_WARN_UNINITIALIZED_AUTOS = YES_AGGRESSIVE;
				GCC_WARN_UNUSED_FUNCTION = YES;
				GCC_WARN_UNUSED_VARIABLE = YES;
				IPHONEOS_DEPLOYMENT_TARGET = 9.0;
				MTL_ENABLE_DEBUG_INFO = YES;
				ONLY_ACTIVE_ARCH = YES;
				SDKROOT = iphoneos;
			};
			name = Debug;
		};
		A6E77ED41B98B2A50072CBA4 /* Release */ = {
			isa = XCBuildConfiguration;
			buildSettings = {
				ALWAYS_SEARCH_USER_PATHS = NO;
				CLANG_CXX_LANGUAGE_STANDARD = "gnu++0x";
				CLANG_CXX_LIBRARY = "libc++";
				CLANG_ENABLE_MODULES = YES;
				CLANG_ENABLE_OBJC_ARC = YES;
				CLANG_WARN_BOOL_CONVERSION = YES;
				CLANG_WARN_CONSTANT_CONVERSION = YES;
				CLANG_WARN_DIRECT_OBJC_ISA_USAGE = YES_ERROR;
				CLANG_WARN_EMPTY_BODY = YES;
				CLANG_WARN_ENUM_CONVERSION = YES;
				CLANG_WARN_INT_CONVERSION = YES;
				CLANG_WARN_OBJC_ROOT_CLASS = YES_ERROR;
				CLANG_WARN_UNREACHABLE_CODE = YES;
				CLANG_WARN__DUPLICATE_METHOD_MATCH = YES;
				"CODE_SIGN_IDENTITY[sdk=iphoneos*]" = "iPhone Developer";
				COPY_PHASE_STRIP = NO;
				DEBUG_INFORMATION_FORMAT = "dwarf-with-dsym";
				ENABLE_NS_ASSERTIONS = NO;
				ENABLE_STRICT_OBJC_MSGSEND = YES;
				GCC_C_LANGUAGE_STANDARD = gnu99;
				GCC_NO_COMMON_BLOCKS = YES;
				GCC_WARN_64_TO_32_BIT_CONVERSION = YES;
				GCC_WARN_ABOUT_RETURN_TYPE = YES_ERROR;
				GCC_WARN_UNDECLARED_SELECTOR = YES;
				GCC_WARN_UNINITIALIZED_AUTOS = YES_AGGRESSIVE;
				GCC_WARN_UNUSED_FUNCTION = YES;
				GCC_WARN_UNUSED_VARIABLE = YES;
				IPHONEOS_DEPLOYMENT_TARGET = 9.0;
				MTL_ENABLE_DEBUG_INFO = NO;
				SDKROOT = iphoneos;
				VALIDATE_PRODUCT = YES;
			};
			name = Release;
		};
		A6E77ED61B98B2A50072CBA4 /* Debug */ = {
			isa = XCBuildConfiguration;
			baseConfigurationReference = D7CA6628A3D5139917E469B8 /* Pods.debug.xcconfig */;
			buildSettings = {
				ASSETCATALOG_COMPILER_APPICON_NAME = AppIcon;
				CODE_SIGN_IDENTITY = "iPhone Developer";
				"CODE_SIGN_IDENTITY[sdk=iphoneos*]" = "iPhone Developer";
				INFOPLIST_FILE = ITRDeepLink/Info.plist;
				IPHONEOS_DEPLOYMENT_TARGET = 8.0;
				LD_RUNPATH_SEARCH_PATHS = "$(inherited) @executable_path/Frameworks";
				PRODUCT_BUNDLE_IDENTIFIER = com.ITRDeepLink;
				PRODUCT_NAME = "$(TARGET_NAME)";
				PROVISIONING_PROFILE = "";
			};
			name = Debug;
		};
		A6E77ED71B98B2A50072CBA4 /* Release */ = {
			isa = XCBuildConfiguration;
			baseConfigurationReference = 5EB2E38D80BFBA6EEFB0112D /* Pods.release.xcconfig */;
			buildSettings = {
				ASSETCATALOG_COMPILER_APPICON_NAME = AppIcon;
				CODE_SIGN_IDENTITY = "iPhone Developer";
				"CODE_SIGN_IDENTITY[sdk=iphoneos*]" = "iPhone Developer";
				INFOPLIST_FILE = ITRDeepLink/Info.plist;
				IPHONEOS_DEPLOYMENT_TARGET = 8.0;
				LD_RUNPATH_SEARCH_PATHS = "$(inherited) @executable_path/Frameworks";
				PRODUCT_BUNDLE_IDENTIFIER = com.ITRDeepLink;
				PRODUCT_NAME = "$(TARGET_NAME)";
				PROVISIONING_PROFILE = "";
			};
			name = Release;
		};
/* End XCBuildConfiguration section */

/* Begin XCConfigurationList section */
		A6E77EB91B98B2A50072CBA4 /* Build configuration list for PBXProject "ITRDeepLink" */ = {
			isa = XCConfigurationList;
			buildConfigurations = (
				A6E77ED31B98B2A50072CBA4 /* Debug */,
				A6E77ED41B98B2A50072CBA4 /* Release */,
			);
			defaultConfigurationIsVisible = 0;
			defaultConfigurationName = Release;
		};
		A6E77ED51B98B2A50072CBA4 /* Build configuration list for PBXNativeTarget "ITRDeepLink" */ = {
			isa = XCConfigurationList;
			buildConfigurations = (
				A6E77ED61B98B2A50072CBA4 /* Debug */,
				A6E77ED71B98B2A50072CBA4 /* Release */,
			);
			defaultConfigurationIsVisible = 0;
			defaultConfigurationName = Release;
		};
/* End XCConfigurationList section */
	};
	rootObject = A6E77EB61B98B2A50072CBA4 /* Project object */;
}
